// !$*UTF8*$!
{
	archiveVersion = 1;
	classes = {
	};
	objectVersion = 46;
	objects = {

/* Begin PBXBuildFile section */
		939C33C51876374B00E934B8 /* Foundation.framework in Frameworks */ = {isa = PBXBuildFile; fileRef = 939C33C41876374B00E934B8 /* Foundation.framework */; };
		939C33CA1876374B00E934B8 /* BRYParseKeyboardNotification.h in CopyFiles */ = {isa = PBXBuildFile; fileRef = 939C33C91876374B00E934B8 /* BRYParseKeyboardNotification.h */; };
		939C33CC1876374B00E934B8 /* BRYParseKeyboardNotification.m in Sources */ = {isa = PBXBuildFile; fileRef = 939C33CB1876374B00E934B8 /* BRYParseKeyboardNotification.m */; };
		939C33D31876374B00E934B8 /* XCTest.framework in Frameworks */ = {isa = PBXBuildFile; fileRef = 939C33D21876374B00E934B8 /* XCTest.framework */; };
		939C33D41876374B00E934B8 /* Foundation.framework in Frameworks */ = {isa = PBXBuildFile; fileRef = 939C33C41876374B00E934B8 /* Foundation.framework */; };
		939C33D61876374B00E934B8 /* UIKit.framework in Frameworks */ = {isa = PBXBuildFile; fileRef = 939C33D51876374B00E934B8 /* UIKit.framework */; };
		939C33D91876374B00E934B8 /* libBRYParseKeyboardNotification.a in Frameworks */ = {isa = PBXBuildFile; fileRef = 939C33C11876374B00E934B8 /* libBRYParseKeyboardNotification.a */; };
		939C33DF1876374B00E934B8 /* InfoPlist.strings in Resources */ = {isa = PBXBuildFile; fileRef = 939C33DD1876374B00E934B8 /* InfoPlist.strings */; };
		939C33E11876374B00E934B8 /* BRYParseKeyboardNotificationTests.m in Sources */ = {isa = PBXBuildFile; fileRef = 939C33E01876374B00E934B8 /* BRYParseKeyboardNotificationTests.m */; };
/* End PBXBuildFile section */

/* Begin PBXContainerItemProxy section */
		939C33D71876374B00E934B8 /* PBXContainerItemProxy */ = {
			isa = PBXContainerItemProxy;
			containerPortal = 939C33B91876374B00E934B8 /* Project object */;
			proxyType = 1;
			remoteGlobalIDString = 939C33C01876374B00E934B8;
			remoteInfo = BRYParseKeyboardNotification;
		};
/* End PBXContainerItemProxy section */

/* Begin PBXCopyFilesBuildPhase section */
		939C33BF1876374B00E934B8 /* CopyFiles */ = {
			isa = PBXCopyFilesBuildPhase;
			buildActionMask = 2147483647;
			dstPath = "include/$(PRODUCT_NAME)";
			dstSubfolderSpec = 16;
			files = (
				939C33CA1876374B00E934B8 /* BRYParseKeyboardNotification.h in CopyFiles */,
			);
			runOnlyForDeploymentPostprocessing = 0;
		};
/* End PBXCopyFilesBuildPhase section */

/* Begin PBXFileReference section */
		939C33C11876374B00E934B8 /* libBRYParseKeyboardNotification.a */ = {isa = PBXFileReference; explicitFileType = archive.ar; includeInIndex = 0; path = libBRYParseKeyboardNotification.a; sourceTree = BUILT_PRODUCTS_DIR; };
		939C33C41876374B00E934B8 /* Foundation.framework */ = {isa = PBXFileReference; lastKnownFileType = wrapper.framework; name = Foundation.framework; path = System/Library/Frameworks/Foundation.framework; sourceTree = SDKROOT; };
		939C33C81876374B00E934B8 /* BRYParseKeyboardNotification-Prefix.pch */ = {isa = PBXFileReference; lastKnownFileType = sourcecode.c.h; path = "BRYParseKeyboardNotification-Prefix.pch"; sourceTree = "<group>"; };
		939C33C91876374B00E934B8 /* BRYParseKeyboardNotification.h */ = {isa = PBXFileReference; lastKnownFileType = sourcecode.c.h; path = BRYParseKeyboardNotification.h; sourceTree = "<group>"; };
		939C33CB1876374B00E934B8 /* BRYParseKeyboardNotification.m */ = {isa = PBXFileReference; lastKnownFileType = sourcecode.c.objc; path = BRYParseKeyboardNotification.m; sourceTree = "<group>"; };
		939C33D11876374B00E934B8 /* BRYParseKeyboardNotificationTests.xctest */ = {isa = PBXFileReference; explicitFileType = wrapper.cfbundle; includeInIndex = 0; path = BRYParseKeyboardNotificationTests.xctest; sourceTree = BUILT_PRODUCTS_DIR; };
		939C33D21876374B00E934B8 /* XCTest.framework */ = {isa = PBXFileReference; lastKnownFileType = wrapper.framework; name = XCTest.framework; path = Library/Frameworks/XCTest.framework; sourceTree = DEVELOPER_DIR; };
		939C33D51876374B00E934B8 /* UIKit.framework */ = {isa = PBXFileReference; lastKnownFileType = wrapper.framework; name = UIKit.framework; path = Library/Frameworks/UIKit.framework; sourceTree = DEVELOPER_DIR; };
		939C33DC1876374B00E934B8 /* BRYParseKeyboardNotificationTests-Info.plist */ = {isa = PBXFileReference; lastKnownFileType = text.plist.xml; path = "BRYParseKeyboardNotificationTests-Info.plist"; sourceTree = "<group>"; };
		939C33DE1876374B00E934B8 /* en */ = {isa = PBXFileReference; lastKnownFileType = text.plist.strings; name = en; path = en.lproj/InfoPlist.strings; sourceTree = "<group>"; };
		939C33E01876374B00E934B8 /* BRYParseKeyboardNotificationTests.m */ = {isa = PBXFileReference; lastKnownFileType = sourcecode.c.objc; path = BRYParseKeyboardNotificationTests.m; sourceTree = "<group>"; };
/* End PBXFileReference section */

/* Begin PBXFrameworksBuildPhase section */
		939C33BE1876374B00E934B8 /* Frameworks */ = {
			isa = PBXFrameworksBuildPhase;
			buildActionMask = 2147483647;
			files = (
				939C33C51876374B00E934B8 /* Foundation.framework in Frameworks */,
			);
			runOnlyForDeploymentPostprocessing = 0;
		};
		939C33CE1876374B00E934B8 /* Frameworks */ = {
			isa = PBXFrameworksBuildPhase;
			buildActionMask = 2147483647;
			files = (
				939C33D31876374B00E934B8 /* XCTest.framework in Frameworks */,
				939C33D91876374B00E934B8 /* libBRYParseKeyboardNotification.a in Frameworks */,
				939C33D61876374B00E934B8 /* UIKit.framework in Frameworks */,
				939C33D41876374B00E934B8 /* Foundation.framework in Frameworks */,
			);
			runOnlyForDeploymentPostprocessing = 0;
		};
/* End PBXFrameworksBuildPhase section */

/* Begin PBXGroup section */
		939C33B81876374B00E934B8 = {
			isa = PBXGroup;
			children = (
				939C33C61876374B00E934B8 /* BRYParseKeyboardNotification */,
				939C33DA1876374B00E934B8 /* BRYParseKeyboardNotificationTests */,
				939C33C31876374B00E934B8 /* Frameworks */,
				939C33C21876374B00E934B8 /* Products */,
			);
			sourceTree = "<group>";
		};
		939C33C21876374B00E934B8 /* Products */ = {
			isa = PBXGroup;
			children = (
				939C33C11876374B00E934B8 /* libBRYParseKeyboardNotification.a */,
				939C33D11876374B00E934B8 /* BRYParseKeyboardNotificationTests.xctest */,
			);
			name = Products;
			sourceTree = "<group>";
		};
		939C33C31876374B00E934B8 /* Frameworks */ = {
			isa = PBXGroup;
			children = (
				939C33C41876374B00E934B8 /* Foundation.framework */,
				939C33D21876374B00E934B8 /* XCTest.framework */,
				939C33D51876374B00E934B8 /* UIKit.framework */,
			);
			name = Frameworks;
			sourceTree = "<group>";
		};
		939C33C61876374B00E934B8 /* BRYParseKeyboardNotification */ = {
			isa = PBXGroup;
			children = (
				939C33C91876374B00E934B8 /* BRYParseKeyboardNotification.h */,
				939C33CB1876374B00E934B8 /* BRYParseKeyboardNotification.m */,
				939C33C71876374B00E934B8 /* Supporting Files */,
			);
			path = BRYParseKeyboardNotification;
			sourceTree = "<group>";
		};
		939C33C71876374B00E934B8 /* Supporting Files */ = {
			isa = PBXGroup;
			children = (
				939C33C81876374B00E934B8 /* BRYParseKeyboardNotification-Prefix.pch */,
			);
			name = "Supporting Files";
			sourceTree = "<group>";
		};
		939C33DA1876374B00E934B8 /* BRYParseKeyboardNotificationTests */ = {
			isa = PBXGroup;
			children = (
				939C33E01876374B00E934B8 /* BRYParseKeyboardNotificationTests.m */,
				939C33DB1876374B00E934B8 /* Supporting Files */,
			);
			path = BRYParseKeyboardNotificationTests;
			sourceTree = "<group>";
		};
		939C33DB1876374B00E934B8 /* Supporting Files */ = {
			isa = PBXGroup;
			children = (
				939C33DC1876374B00E934B8 /* BRYParseKeyboardNotificationTests-Info.plist */,
				939C33DD1876374B00E934B8 /* InfoPlist.strings */,
			);
			name = "Supporting Files";
			sourceTree = "<group>";
		};
/* End PBXGroup section */

/* Begin PBXNativeTarget section */
		939C33C01876374B00E934B8 /* BRYParseKeyboardNotification */ = {
			isa = PBXNativeTarget;
			buildConfigurationList = 939C33E41876374B00E934B8 /* Build configuration list for PBXNativeTarget "BRYParseKeyboardNotification" */;
			buildPhases = (
				939C33BD1876374B00E934B8 /* Sources */,
				939C33BE1876374B00E934B8 /* Frameworks */,
				939C33BF1876374B00E934B8 /* CopyFiles */,
			);
			buildRules = (
			);
			dependencies = (
			);
			name = BRYParseKeyboardNotification;
			productName = BRYParseKeyboardNotification;
			productReference = 939C33C11876374B00E934B8 /* libBRYParseKeyboardNotification.a */;
			productType = "com.apple.product-type.library.static";
		};
		939C33D01876374B00E934B8 /* BRYParseKeyboardNotificationTests */ = {
			isa = PBXNativeTarget;
			buildConfigurationList = 939C33E71876374B00E934B8 /* Build configuration list for PBXNativeTarget "BRYParseKeyboardNotificationTests" */;
			buildPhases = (
				939C33CD1876374B00E934B8 /* Sources */,
				939C33CE1876374B00E934B8 /* Frameworks */,
				939C33CF1876374B00E934B8 /* Resources */,
			);
			buildRules = (
			);
			dependencies = (
				939C33D81876374B00E934B8 /* PBXTargetDependency */,
			);
			name = BRYParseKeyboardNotificationTests;
			productName = BRYParseKeyboardNotificationTests;
			productReference = 939C33D11876374B00E934B8 /* BRYParseKeyboardNotificationTests.xctest */;
			productType = "com.apple.product-type.bundle.unit-test";
		};
/* End PBXNativeTarget section */

/* Begin PBXProject section */
		939C33B91876374B00E934B8 /* Project object */ = {
			isa = PBXProject;
			attributes = {
				LastUpgradeCheck = 0500;
				ORGANIZATIONNAME = "Bryan Irace";
			};
			buildConfigurationList = 939C33BC1876374B00E934B8 /* Build configuration list for PBXProject "BRYParseKeyboardNotification" */;
			compatibilityVersion = "Xcode 3.2";
			developmentRegion = English;
			hasScannedForEncodings = 0;
			knownRegions = (
				en,
			);
			mainGroup = 939C33B81876374B00E934B8;
			productRefGroup = 939C33C21876374B00E934B8 /* Products */;
			projectDirPath = "";
			projectRoot = "";
			targets = (
				939C33C01876374B00E934B8 /* BRYParseKeyboardNotification */,
				939C33D01876374B00E934B8 /* BRYParseKeyboardNotificationTests */,
			);
		};
/* End PBXProject section */

/* Begin PBXResourcesBuildPhase section */
		939C33CF1876374B00E934B8 /* Resources */ = {
			isa = PBXResourcesBuildPhase;
			buildActionMask = 2147483647;
			files = (
				939C33DF1876374B00E934B8 /* InfoPlist.strings in Resources */,
			);
			runOnlyForDeploymentPostprocessing = 0;
		};
/* End PBXResourcesBuildPhase section */

/* Begin PBXSourcesBuildPhase section */
		939C33BD1876374B00E934B8 /* Sources */ = {
			isa = PBXSourcesBuildPhase;
			buildActionMask = 2147483647;
			files = (
				939C33CC1876374B00E934B8 /* BRYParseKeyboardNotification.m in Sources */,
			);
			runOnlyForDeploymentPostprocessing = 0;
		};
		939C33CD1876374B00E934B8 /* Sources */ = {
			isa = PBXSourcesBuildPhase;
			buildActionMask = 2147483647;
			files = (
				939C33E11876374B00E934B8 /* BRYParseKeyboardNotificationTests.m in Sources */,
			);
			runOnlyForDeploymentPostprocessing = 0;
		};
/* End PBXSourcesBuildPhase section */

/* Begin PBXTargetDependency section */
		939C33D81876374B00E934B8 /* PBXTargetDependency */ = {
			isa = PBXTargetDependency;
			target = 939C33C01876374B00E934B8 /* BRYParseKeyboardNotification */;
			targetProxy = 939C33D71876374B00E934B8 /* PBXContainerItemProxy */;
		};
/* End PBXTargetDependency section */

/* Begin PBXVariantGroup section */
		939C33DD1876374B00E934B8 /* InfoPlist.strings */ = {
			isa = PBXVariantGroup;
			children = (
				939C33DE1876374B00E934B8 /* en */,
			);
			name = InfoPlist.strings;
			sourceTree = "<group>";
		};
/* End PBXVariantGroup section */

/* Begin XCBuildConfiguration section */
		939C33E21876374B00E934B8 /* Debug */ = {
			isa = XCBuildConfiguration;
			buildSettings = {
				ALWAYS_SEARCH_USER_PATHS = NO;
				ARCHS = "$(ARCHS_STANDARD_INCLUDING_64_BIT)";
				CLANG_CXX_LANGUAGE_STANDARD = "gnu++0x";
				CLANG_CXX_LIBRARY = "libc++";
				CLANG_ENABLE_MODULES = YES;
				CLANG_ENABLE_OBJC_ARC = YES;
				CLANG_WARN_BOOL_CONVERSION = YES;
				CLANG_WARN_CONSTANT_CONVERSION = YES;
				CLANG_WARN_DIRECT_OBJC_ISA_USAGE = YES_ERROR;
				CLANG_WARN_EMPTY_BODY = YES;
				CLANG_WARN_ENUM_CONVERSION = YES;
				CLANG_WARN_INT_CONVERSION = YES;
				CLANG_WARN_OBJC_ROOT_CLASS = YES_ERROR;
				CLANG_WARN__DUPLICATE_METHOD_MATCH = YES;
				COPY_PHASE_STRIP = NO;
				GCC_C_LANGUAGE_STANDARD = gnu99;
				GCC_DYNAMIC_NO_PIC = NO;
				GCC_OPTIMIZATION_LEVEL = 0;
				GCC_PREPROCESSOR_DEFINITIONS = (
					"DEBUG=1",
					"$(inherited)",
				);
				GCC_SYMBOLS_PRIVATE_EXTERN = NO;
				GCC_WARN_64_TO_32_BIT_CONVERSION = YES;
				GCC_WARN_ABOUT_RETURN_TYPE = YES_ERROR;
				GCC_WARN_UNDECLARED_SELECTOR = YES;
				GCC_WARN_UNINITIALIZED_AUTOS = YES;
				GCC_WARN_UNUSED_FUNCTION = YES;
				GCC_WARN_UNUSED_VARIABLE = YES;
				IPHONEOS_DEPLOYMENT_TARGET = 7.0;
				ONLY_ACTIVE_ARCH = YES;
				SDKROOT = iphoneos;
			};
			name = Debug;
		};
		939C33E31876374B00E934B8 /* Release */ = {
			isa = XCBuildConfiguration;
			buildSettings = {
				ALWAYS_SEARCH_USER_PATHS = NO;
				ARCHS = "$(ARCHS_STANDARD_INCLUDING_64_BIT)";
				CLANG_CXX_LANGUAGE_STANDARD = "gnu++0x";
				CLANG_CXX_LIBRARY = "libc++";
				CLANG_ENABLE_MODULES = YES;
				CLANG_ENABLE_OBJC_ARC = YES;
				CLANG_WARN_BOOL_CONVERSION = YES;
				CLANG_WARN_CONSTANT_CONVERSION = YES;
				CLANG_WARN_DIRECT_OBJC_ISA_USAGE = YES_ERROR;
				CLANG_WARN_EMPTY_BODY = YES;
				CLANG_WARN_ENUM_CONVERSION = YES;
				CLANG_WARN_INT_CONVERSION = YES;
				CLANG_WARN_OBJC_ROOT_CLASS = YES_ERROR;
				CLANG_WARN__DUPLICATE_METHOD_MATCH = YES;
				COPY_PHASE_STRIP = YES;
				ENABLE_NS_ASSERTIONS = NO;
				GCC_C_LANGUAGE_STANDARD = gnu99;
				GCC_WARN_64_TO_32_BIT_CONVERSION = YES;
				GCC_WARN_ABOUT_RETURN_TYPE = YES_ERROR;
				GCC_WARN_UNDECLARED_SELECTOR = YES;
				GCC_WARN_UNINITIALIZED_AUTOS = YES;
				GCC_WARN_UNUSED_FUNCTION = YES;
				GCC_WARN_UNUSED_VARIABLE = YES;
				IPHONEOS_DEPLOYMENT_TARGET = 7.0;
				SDKROOT = iphoneos;
				VALIDATE_PRODUCT = YES;
			};
			name = Release;
		};
		939C33E51876374B00E934B8 /* Debug */ = {
			isa = XCBuildConfiguration;
			buildSettings = {
				DSTROOT = /tmp/BRYParseKeyboardNotification.dst;
				GCC_PRECOMPILE_PREFIX_HEADER = YES;
				GCC_PREFIX_HEADER = "BRYParseKeyboardNotification/BRYParseKeyboardNotification-Prefix.pch";
				OTHER_LDFLAGS = "-ObjC";
				PRODUCT_NAME = "$(TARGET_NAME)";
				SKIP_INSTALL = YES;
			};
			name = Debug;
		};
		939C33E61876374B00E934B8 /* Release */ = {
			isa = XCBuildConfiguration;
			buildSettings = {
				DSTROOT = /tmp/BRYParseKeyboardNotification.dst;
				GCC_PRECOMPILE_PREFIX_HEADER = YES;
				GCC_PREFIX_HEADER = "BRYParseKeyboardNotification/BRYParseKeyboardNotification-Prefix.pch";
				OTHER_LDFLAGS = "-ObjC";
				PRODUCT_NAME = "$(TARGET_NAME)";
				SKIP_INSTALL = YES;
			};
			name = Release;
		};
		939C33E81876374B00E934B8 /* Debug */ = {
			isa = XCBuildConfiguration;
			buildSettings = {
				ARCHS = "$(ARCHS_STANDARD_INCLUDING_64_BIT)";
				FRAMEWORK_SEARCH_PATHS = (
					"$(SDKROOT)/Developer/Library/Frameworks",
					"$(inherited)",
					"$(DEVELOPER_FRAMEWORKS_DIR)",
				);
				GCC_PRECOMPILE_PREFIX_HEADER = YES;
				GCC_PREFIX_HEADER = "BRYParseKeyboardNotification/BRYParseKeyboardNotification-Prefix.pch";
				GCC_PREPROCESSOR_DEFINITIONS = (
					"DEBUG=1",
					"$(inherited)",
				);
				INFOPLIST_FILE = "BRYParseKeyboardNotificationTests/BRYParseKeyboardNotificationTests-Info.plist";
				PRODUCT_NAME = "$(TARGET_NAME)";
				WRAPPER_EXTENSION = xctest;
			};
			name = Debug;
		};
		939C33E91876374B00E934B8 /* Release */ = {
			isa = XCBuildConfiguration;
			buildSettings = {
				ARCHS = "$(ARCHS_STANDARD_INCLUDING_64_BIT)";
				FRAMEWORK_SEARCH_PATHS = (
					"$(SDKROOT)/Developer/Library/Frameworks",
					"$(inherited)",
					"$(DEVELOPER_FRAMEWORKS_DIR)",
				);
				GCC_PRECOMPILE_PREFIX_HEADER = YES;
				GCC_PREFIX_HEADER = "BRYParseKeyboardNotification/BRYParseKeyboardNotification-Prefix.pch";
				INFOPLIST_FILE = "BRYParseKeyboardNotificationTests/BRYParseKeyboardNotificationTests-Info.plist";
				PRODUCT_NAME = "$(TARGET_NAME)";
				WRAPPER_EXTENSION = xctest;
			};
			name = Release;
		};
/* End XCBuildConfiguration section */

/* Begin XCConfigurationList section */
		939C33BC1876374B00E934B8 /* Build configuration list for PBXProject "BRYParseKeyboardNotification" */ = {
			isa = XCConfigurationList;
			buildConfigurations = (
				939C33E21876374B00E934B8 /* Debug */,
				939C33E31876374B00E934B8 /* Release */,
			);
			defaultConfigurationIsVisible = 0;
			defaultConfigurationName = Release;
		};
		939C33E41876374B00E934B8 /* Build configuration list for PBXNativeTarget "BRYParseKeyboardNotification" */ = {
			isa = XCConfigurationList;
			buildConfigurations = (
				939C33E51876374B00E934B8 /* Debug */,
				939C33E61876374B00E934B8 /* Release */,
			);
			defaultConfigurationIsVisible = 0;
		};
		939C33E71876374B00E934B8 /* Build configuration list for PBXNativeTarget "BRYParseKeyboardNotificationTests" */ = {
			isa = XCConfigurationList;
			buildConfigurations = (
				939C33E81876374B00E934B8 /* Debug */,
				939C33E91876374B00E934B8 /* Release */,
			);
			defaultConfigurationIsVisible = 0;
		};
/* End XCConfigurationList section */
	};
	rootObject = 939C33B91876374B00E934B8 /* Project object */;
}
